
Microsoft Visual Studio Solution File, Format Version 12.00
# Visual Studio 15
VisualStudioVersion = 15.0.28307.136
MinimumVisualStudioVersion = 10.0.40219.1
Project("{FAE04EC0-301F-11D3-BF4B-00C04F79EFBC}") = "Sales.Android", "Sales\Sales.Android\Sales.Android.csproj", "{E1A3277A-7AB3-4FCD-AFCC-28BA19BDD99E}"
EndProject
Project("{FAE04EC0-301F-11D3-BF4B-00C04F79EFBC}") = "Sales.iOS", "Sales\Sales.iOS\Sales.iOS.csproj", "{44BCB760-29C2-47E1-95D6-6CEB4F8F5B85}"
EndProject
Project("{FAE04EC0-301F-11D3-BF4B-00C04F79EFBC}") = "Sales.UWP", "Sales\Sales.UWP\Sales.UWP.csproj", "{ED67168C-7B93-4141-9C0C-B3050D8E4926}"
EndProject
Project("{9A19103F-16F7-4668-BE54-9A1E7A4F7556}") = "Sales", "Sales\Sales\Sales.csproj", "{D8438685-7ACD-4ACD-A7BC-ED282E68A0A0}"
EndProject
Project("{FAE04EC0-301F-11D3-BF4B-00C04F79EFBC}") = "Sales.Backend", "Sales.Backend\Sales.Backend.csproj", "{CEDB7F74-3576-41BE-9285-E7A406310110}"
	ProjectSection(ProjectDependencies) = postProject
		{44BCB760-29C2-47E1-95D6-6CEB4F8F5B85} = {44BCB760-29C2-47E1-95D6-6CEB4F8F5B85}
		{C318536B-D8A9-4FCF-BA50-F03B60967DC6} = {C318536B-D8A9-4FCF-BA50-F03B60967DC6}
		{E1A3277A-7AB3-4FCD-AFCC-28BA19BDD99E} = {E1A3277A-7AB3-4FCD-AFCC-28BA19BDD99E}
		{D8438685-7ACD-4ACD-A7BC-ED282E68A0A0} = {D8438685-7ACD-4ACD-A7BC-ED282E68A0A0}
		{ED67168C-7B93-4141-9C0C-B3050D8E4926} = {ED67168C-7B93-4141-9C0C-B3050D8E4926}
	EndProjectSection
EndProject
Project("{FAE04EC0-301F-11D3-BF4B-00C04F79EFBC}") = "Sales.API", "Sales.API\Sales.API.csproj", "{C318536B-D8A9-4FCF-BA50-F03B60967DC6}"
EndProject
Project("{FAE04EC0-301F-11D3-BF4B-00C04F79EFBC}") = "Sales.Domain", "Sales.Domain\Sales.Domain.csproj", "{B3F07AAB-9B7E-405C-A6AF-34010AF5222E}"
EndProject
Project("{FAE04EC0-301F-11D3-BF4B-00C04F79EFBC}") = "Sales.Common", "Sales.Common\Sales.Common.csproj", "{21D60095-4832-4BEC-AE20-1F44412CD2A4}"
EndProject
Global
	GlobalSection(SolutionConfigurationPlatforms) = preSolution
		Ad-Hoc|Any CPU = Ad-Hoc|Any CPU
		Ad-Hoc|ARM = Ad-Hoc|ARM
		Ad-Hoc|iPhone = Ad-Hoc|iPhone
		Ad-Hoc|iPhoneSimulator = Ad-Hoc|iPhoneSimulator
		Ad-Hoc|x64 = Ad-Hoc|x64
		Ad-Hoc|x86 = Ad-Hoc|x86
		AppStore|Any CPU = AppStore|Any CPU
		AppStore|ARM = AppStore|ARM
		AppStore|iPhone = AppStore|iPhone
		AppStore|iPhoneSimulator = AppStore|iPhoneSimulator
		AppStore|x64 = AppStore|x64
		AppStore|x86 = AppStore|x86
		Debug|Any CPU = Debug|Any CPU
		Debug|ARM = Debug|ARM
		Debug|iPhone = Debug|iPhone
		Debug|iPhoneSimulator = Debug|iPhoneSimulator
		Debug|x64 = Debug|x64
		Debug|x86 = Debug|x86
		Release|Any CPU = Release|Any CPU
		Release|ARM = Release|ARM
		Release|iPhone = Release|iPhone
		Release|iPhoneSimulator = Release|iPhoneSimulator
		Release|x64 = Release|x64
		Release|x86 = Release|x86
	EndGlobalSection
	GlobalSection(ProjectConfigurationPlatforms) = postSolution
		{E1A3277A-7AB3-4FCD-AFCC-28BA19BDD99E}.Ad-Hoc|Any CPU.ActiveCfg = Release|Any CPU
		{E1A3277A-7AB3-4FCD-AFCC-28BA19BDD99E}.Ad-Hoc|Any CPU.Build.0 = Release|Any CPU
		{E1A3277A-7AB3-4FCD-AFCC-28BA19BDD99E}.Ad-Hoc|Any CPU.Deploy.0 = Release|Any CPU
		{E1A3277A-7AB3-4FCD-AFCC-28BA19BDD99E}.Ad-Hoc|ARM.ActiveCfg = Release|Any CPU
		{E1A3277A-7AB3-4FCD-AFCC-28BA19BDD99E}.Ad-Hoc|ARM.Build.0 = Release|Any CPU
		{E1A3277A-7AB3-4FCD-AFCC-28BA19BDD99E}.Ad-Hoc|ARM.Deploy.0 = Release|Any CPU
		{E1A3277A-7AB3-4FCD-AFCC-28BA19BDD99E}.Ad-Hoc|iPhone.ActiveCfg = Release|Any CPU
		{E1A3277A-7AB3-4FCD-AFCC-28BA19BDD99E}.Ad-Hoc|iPhone.Build.0 = Release|Any CPU
		{E1A3277A-7AB3-4FCD-AFCC-28BA19BDD99E}.Ad-Hoc|iPhone.Deploy.0 = Release|Any CPU
		{E1A3277A-7AB3-4FCD-AFCC-28BA19BDD99E}.Ad-Hoc|iPhoneSimulator.ActiveCfg = Release|Any CPU
		{E1A3277A-7AB3-4FCD-AFCC-28BA19BDD99E}.Ad-Hoc|iPhoneSimulator.Build.0 = Release|Any CPU
		{E1A3277A-7AB3-4FCD-AFCC-28BA19BDD99E}.Ad-Hoc|iPhoneSimulator.Deploy.0 = Release|Any CPU
		{E1A3277A-7AB3-4FCD-AFCC-28BA19BDD99E}.Ad-Hoc|x64.ActiveCfg = Release|Any CPU
		{E1A3277A-7AB3-4FCD-AFCC-28BA19BDD99E}.Ad-Hoc|x64.Build.0 = Release|Any CPU
		{E1A3277A-7AB3-4FCD-AFCC-28BA19BDD99E}.Ad-Hoc|x64.Deploy.0 = Release|Any CPU
		{E1A3277A-7AB3-4FCD-AFCC-28BA19BDD99E}.Ad-Hoc|x86.ActiveCfg = Release|Any CPU
		{E1A3277A-7AB3-4FCD-AFCC-28BA19BDD99E}.Ad-Hoc|x86.Build.0 = Release|Any CPU
		{E1A3277A-7AB3-4FCD-AFCC-28BA19BDD99E}.Ad-Hoc|x86.Deploy.0 = Release|Any CPU
		{E1A3277A-7AB3-4FCD-AFCC-28BA19BDD99E}.AppStore|Any CPU.ActiveCfg = Release|Any CPU
		{E1A3277A-7AB3-4FCD-AFCC-28BA19BDD99E}.AppStore|Any CPU.Build.0 = Release|Any CPU
		{E1A3277A-7AB3-4FCD-AFCC-28BA19BDD99E}.AppStore|Any CPU.Deploy.0 = Release|Any CPU
		{E1A3277A-7AB3-4FCD-AFCC-28BA19BDD99E}.AppStore|ARM.ActiveCfg = Release|Any CPU
		{E1A3277A-7AB3-4FCD-AFCC-28BA19BDD99E}.AppStore|ARM.Build.0 = Release|Any CPU
		{E1A3277A-7AB3-4FCD-AFCC-28BA19BDD99E}.AppStore|ARM.Deploy.0 = Release|Any CPU
		{E1A3277A-7AB3-4FCD-AFCC-28BA19BDD99E}.AppStore|iPhone.ActiveCfg = Release|Any CPU
		{E1A3277A-7AB3-4FCD-AFCC-28BA19BDD99E}.AppStore|iPhone.Build.0 = Release|Any CPU
		{E1A3277A-7AB3-4FCD-AFCC-28BA19BDD99E}.AppStore|iPhone.Deploy.0 = Release|Any CPU
		{E1A3277A-7AB3-4FCD-AFCC-28BA19BDD99E}.AppStore|iPhoneSimulator.ActiveCfg = Release|Any CPU
		{E1A3277A-7AB3-4FCD-AFCC-28BA19BDD99E}.AppStore|iPhoneSimulator.Build.0 = Release|Any CPU
		{E1A3277A-7AB3-4FCD-AFCC-28BA19BDD99E}.AppStore|iPhoneSimulator.Deploy.0 = Release|Any CPU
		{E1A3277A-7AB3-4FCD-AFCC-28BA19BDD99E}.AppStore|x64.ActiveCfg = Release|Any CPU
		{E1A3277A-7AB3-4FCD-AFCC-28BA19BDD99E}.AppStore|x64.Build.0 = Release|Any CPU
		{E1A3277A-7AB3-4FCD-AFCC-28BA19BDD99E}.AppStore|x64.Deploy.0 = Release|Any CPU
		{E1A3277A-7AB3-4FCD-AFCC-28BA19BDD99E}.AppStore|x86.ActiveCfg = Release|Any CPU
		{E1A3277A-7AB3-4FCD-AFCC-28BA19BDD99E}.AppStore|x86.Build.0 = Release|Any CPU
		{E1A3277A-7AB3-4FCD-AFCC-28BA19BDD99E}.AppStore|x86.Deploy.0 = Release|Any CPU
		{E1A3277A-7AB3-4FCD-AFCC-28BA19BDD99E}.Debug|Any CPU.ActiveCfg = Debug|Any CPU
		{E1A3277A-7AB3-4FCD-AFCC-28BA19BDD99E}.Debug|Any CPU.Build.0 = Debug|Any CPU
		{E1A3277A-7AB3-4FCD-AFCC-28BA19BDD99E}.Debug|Any CPU.Deploy.0 = Debug|Any CPU
		{E1A3277A-7AB3-4FCD-AFCC-28BA19BDD99E}.Debug|ARM.ActiveCfg = Debug|Any CPU
		{E1A3277A-7AB3-4FCD-AFCC-28BA19BDD99E}.Debug|ARM.Build.0 = Debug|Any CPU
		{E1A3277A-7AB3-4FCD-AFCC-28BA19BDD99E}.Debug|ARM.Deploy.0 = Debug|Any CPU
		{E1A3277A-7AB3-4FCD-AFCC-28BA19BDD99E}.Debug|iPhone.ActiveCfg = Debug|Any CPU
		{E1A3277A-7AB3-4FCD-AFCC-28BA19BDD99E}.Debug|iPhone.Build.0 = Debug|Any CPU
		{E1A3277A-7AB3-4FCD-AFCC-28BA19BDD99E}.Debug|iPhone.Deploy.0 = Debug|Any CPU
		{E1A3277A-7AB3-4FCD-AFCC-28BA19BDD99E}.Debug|iPhoneSimulator.ActiveCfg = Debug|Any CPU
		{E1A3277A-7AB3-4FCD-AFCC-28BA19BDD99E}.Debug|iPhoneSimulator.Build.0 = Debug|Any CPU
		{E1A3277A-7AB3-4FCD-AFCC-28BA19BDD99E}.Debug|iPhoneSimulator.Deploy.0 = Debug|Any CPU
		{E1A3277A-7AB3-4FCD-AFCC-28BA19BDD99E}.Debug|x64.ActiveCfg = Debug|Any CPU
		{E1A3277A-7AB3-4FCD-AFCC-28BA19BDD99E}.Debug|x64.Build.0 = Debug|Any CPU
		{E1A3277A-7AB3-4FCD-AFCC-28BA19BDD99E}.Debug|x64.Deploy.0 = Debug|Any CPU
		{E1A3277A-7AB3-4FCD-AFCC-28BA19BDD99E}.Debug|x86.ActiveCfg = Debug|Any CPU
		{E1A3277A-7AB3-4FCD-AFCC-28BA19BDD99E}.Debug|x86.Build.0 = Debug|Any CPU
		{E1A3277A-7AB3-4FCD-AFCC-28BA19BDD99E}.Debug|x86.Deploy.0 = Debug|Any CPU
		{E1A3277A-7AB3-4FCD-AFCC-28BA19BDD99E}.Release|Any CPU.ActiveCfg = Release|Any CPU
		{E1A3277A-7AB3-4FCD-AFCC-28BA19BDD99E}.Release|Any CPU.Build.0 = Release|Any CPU
		{E1A3277A-7AB3-4FCD-AFCC-28BA19BDD99E}.Release|Any CPU.Deploy.0 = Release|Any CPU
		{E1A3277A-7AB3-4FCD-AFCC-28BA19BDD99E}.Release|ARM.ActiveCfg = Release|Any CPU
		{E1A3277A-7AB3-4FCD-AFCC-28BA19BDD99E}.Release|ARM.Build.0 = Release|Any CPU
		{E1A3277A-7AB3-4FCD-AFCC-28BA19BDD99E}.Release|ARM.Deploy.0 = Release|Any CPU
		{E1A3277A-7AB3-4FCD-AFCC-28BA19BDD99E}.Release|iPhone.ActiveCfg = Release|Any CPU
		{E1A3277A-7AB3-4FCD-AFCC-28BA19BDD99E}.Release|iPhone.Build.0 = Release|Any CPU
		{E1A3277A-7AB3-4FCD-AFCC-28BA19BDD99E}.Release|iPhone.Deploy.0 = Release|Any CPU
		{E1A3277A-7AB3-4FCD-AFCC-28BA19BDD99E}.Release|iPhoneSimulator.ActiveCfg = Release|Any CPU
		{E1A3277A-7AB3-4FCD-AFCC-28BA19BDD99E}.Release|iPhoneSimulator.Build.0 = Release|Any CPU
		{E1A3277A-7AB3-4FCD-AFCC-28BA19BDD99E}.Release|iPhoneSimulator.Deploy.0 = Release|Any CPU
		{E1A3277A-7AB3-4FCD-AFCC-28BA19BDD99E}.Release|x64.ActiveCfg = Release|Any CPU
		{E1A3277A-7AB3-4FCD-AFCC-28BA19BDD99E}.Release|x64.Build.0 = Release|Any CPU
		{E1A3277A-7AB3-4FCD-AFCC-28BA19BDD99E}.Release|x64.Deploy.0 = Release|Any CPU
		{E1A3277A-7AB3-4FCD-AFCC-28BA19BDD99E}.Release|x86.ActiveCfg = Release|Any CPU
		{E1A3277A-7AB3-4FCD-AFCC-28BA19BDD99E}.Release|x86.Build.0 = Release|Any CPU
		{E1A3277A-7AB3-4FCD-AFCC-28BA19BDD99E}.Release|x86.Deploy.0 = Release|Any CPU
		{44BCB760-29C2-47E1-95D6-6CEB4F8F5B85}.Ad-Hoc|Any CPU.ActiveCfg = Ad-Hoc|iPhone
		{44BCB760-29C2-47E1-95D6-6CEB4F8F5B85}.Ad-Hoc|Any CPU.Build.0 = Ad-Hoc|iPhone
		{44BCB760-29C2-47E1-95D6-6CEB4F8F5B85}.Ad-Hoc|Any CPU.Deploy.0 = Ad-Hoc|iPhone
		{44BCB760-29C2-47E1-95D6-6CEB4F8F5B85}.Ad-Hoc|ARM.ActiveCfg = Ad-Hoc|iPhone
		{44BCB760-29C2-47E1-95D6-6CEB4F8F5B85}.Ad-Hoc|ARM.Build.0 = Ad-Hoc|iPhone
		{44BCB760-29C2-47E1-95D6-6CEB4F8F5B85}.Ad-Hoc|ARM.Deploy.0 = Ad-Hoc|iPhone
		{44BCB760-29C2-47E1-95D6-6CEB4F8F5B85}.Ad-Hoc|iPhone.ActiveCfg = Ad-Hoc|iPhone
		{44BCB760-29C2-47E1-95D6-6CEB4F8F5B85}.Ad-Hoc|iPhone.Build.0 = Ad-Hoc|iPhone
		{44BCB760-29C2-47E1-95D6-6CEB4F8F5B85}.Ad-Hoc|iPhone.Deploy.0 = Ad-Hoc|iPhone
		{44BCB760-29C2-47E1-95D6-6CEB4F8F5B85}.Ad-Hoc|iPhoneSimulator.ActiveCfg = Ad-Hoc|iPhoneSimulator
		{44BCB760-29C2-47E1-95D6-6CEB4F8F5B85}.Ad-Hoc|iPhoneSimulator.Build.0 = Ad-Hoc|iPhoneSimulator
		{44BCB760-29C2-47E1-95D6-6CEB4F8F5B85}.Ad-Hoc|iPhoneSimulator.Deploy.0 = Ad-Hoc|iPhoneSimulator
		{44BCB760-29C2-47E1-95D6-6CEB4F8F5B85}.Ad-Hoc|x64.ActiveCfg = Ad-Hoc|iPhone
		{44BCB760-29C2-47E1-95D6-6CEB4F8F5B85}.Ad-Hoc|x64.Build.0 = Ad-Hoc|iPhone
		{44BCB760-29C2-47E1-95D6-6CEB4F8F5B85}.Ad-Hoc|x64.Deploy.0 = Ad-Hoc|iPhone
		{44BCB760-29C2-47E1-95D6-6CEB4F8F5B85}.Ad-Hoc|x86.ActiveCfg = Ad-Hoc|iPhone
		{44BCB760-29C2-47E1-95D6-6CEB4F8F5B85}.Ad-Hoc|x86.Build.0 = Ad-Hoc|iPhone
		{44BCB760-29C2-47E1-95D6-6CEB4F8F5B85}.Ad-Hoc|x86.Deploy.0 = Ad-Hoc|iPhone
		{44BCB760-29C2-47E1-95D6-6CEB4F8F5B85}.AppStore|Any CPU.ActiveCfg = AppStore|iPhone
		{44BCB760-29C2-47E1-95D6-6CEB4F8F5B85}.AppStore|Any CPU.Build.0 = AppStore|iPhone
		{44BCB760-29C2-47E1-95D6-6CEB4F8F5B85}.AppStore|Any CPU.Deploy.0 = AppStore|iPhone
		{44BCB760-29C2-47E1-95D6-6CEB4F8F5B85}.AppStore|ARM.ActiveCfg = AppStore|iPhone
		{44BCB760-29C2-47E1-95D6-6CEB4F8F5B85}.AppStore|ARM.Build.0 = AppStore|iPhone
		{44BCB760-29C2-47E1-95D6-6CEB4F8F5B85}.AppStore|ARM.Deploy.0 = AppStore|iPhone
		{44BCB760-29C2-47E1-95D6-6CEB4F8F5B85}.AppStore|iPhone.ActiveCfg = AppStore|iPhone
		{44BCB760-29C2-47E1-95D6-6CEB4F8F5B85}.AppStore|iPhone.Build.0 = AppStore|iPhone
		{44BCB760-29C2-47E1-95D6-6CEB4F8F5B85}.AppStore|iPhone.Deploy.0 = AppStore|iPhone
		{44BCB760-29C2-47E1-95D6-6CEB4F8F5B85}.AppStore|iPhoneSimulator.ActiveCfg = AppStore|iPhoneSimulator
		{44BCB760-29C2-47E1-95D6-6CEB4F8F5B85}.AppStore|iPhoneSimulator.Build.0 = AppStore|iPhoneSimulator
		{44BCB760-29C2-47E1-95D6-6CEB4F8F5B85}.AppStore|iPhoneSimulator.Deploy.0 = AppStore|iPhoneSimulator
		{44BCB760-29C2-47E1-95D6-6CEB4F8F5B85}.AppStore|x64.ActiveCfg = AppStore|iPhone
		{44BCB760-29C2-47E1-95D6-6CEB4F8F5B85}.AppStore|x64.Build.0 = AppStore|iPhone
		{44BCB760-29C2-47E1-95D6-6CEB4F8F5B85}.AppStore|x64.Deploy.0 = AppStore|iPhone
		{44BCB760-29C2-47E1-95D6-6CEB4F8F5B85}.AppStore|x86.ActiveCfg = AppStore|iPhone
		{44BCB760-29C2-47E1-95D6-6CEB4F8F5B85}.AppStore|x86.Build.0 = AppStore|iPhone
		{44BCB760-29C2-47E1-95D6-6CEB4F8F5B85}.AppStore|x86.Deploy.0 = AppStore|iPhone
		{44BCB760-29C2-47E1-95D6-6CEB4F8F5B85}.Debug|Any CPU.ActiveCfg = Debug|iPhoneSimulator
		{44BCB760-29C2-47E1-95D6-6CEB4F8F5B85}.Debug|Any CPU.Build.0 = Debug|iPhoneSimulator
		{44BCB760-29C2-47E1-95D6-6CEB4F8F5B85}.Debug|Any CPU.Deploy.0 = Debug|iPhoneSimulator
		{44BCB760-29C2-47E1-95D6-6CEB4F8F5B85}.Debug|ARM.ActiveCfg = Debug|iPhone
		{44BCB760-29C2-47E1-95D6-6CEB4F8F5B85}.Debug|ARM.Build.0 = Debug|iPhone
		{44BCB760-29C2-47E1-95D6-6CEB4F8F5B85}.Debug|ARM.Deploy.0 = Debug|iPhone
		{44BCB760-29C2-47E1-95D6-6CEB4F8F5B85}.Debug|iPhone.ActiveCfg = Debug|iPhone
		{44BCB760-29C2-47E1-95D6-6CEB4F8F5B85}.Debug|iPhone.Build.0 = Debug|iPhone
		{44BCB760-29C2-47E1-95D6-6CEB4F8F5B85}.Debug|iPhone.Deploy.0 = Debug|iPhone
		{44BCB760-29C2-47E1-95D6-6CEB4F8F5B85}.Debug|iPhoneSimulator.ActiveCfg = Debug|iPhoneSimulator
		{44BCB760-29C2-47E1-95D6-6CEB4F8F5B85}.Debug|iPhoneSimulator.Build.0 = Debug|iPhoneSimulator
		{44BCB760-29C2-47E1-95D6-6CEB4F8F5B85}.Debug|iPhoneSimulator.Deploy.0 = Debug|iPhoneSimulator
		{44BCB760-29C2-47E1-95D6-6CEB4F8F5B85}.Debug|x64.ActiveCfg = Debug|iPhone
		{44BCB760-29C2-47E1-95D6-6CEB4F8F5B85}.Debug|x64.Build.0 = Debug|iPhone
		{44BCB760-29C2-47E1-95D6-6CEB4F8F5B85}.Debug|x64.Deploy.0 = Debug|iPhone
		{44BCB760-29C2-47E1-95D6-6CEB4F8F5B85}.Debug|x86.ActiveCfg = Debug|iPhone
		{44BCB760-29C2-47E1-95D6-6CEB4F8F5B85}.Debug|x86.Build.0 = Debug|iPhone
		{44BCB760-29C2-47E1-95D6-6CEB4F8F5B85}.Debug|x86.Deploy.0 = Debug|iPhone
		{44BCB760-29C2-47E1-95D6-6CEB4F8F5B85}.Release|Any CPU.ActiveCfg = Release|iPhone
		{44BCB760-29C2-47E1-95D6-6CEB4F8F5B85}.Release|Any CPU.Build.0 = Release|iPhone
		{44BCB760-29C2-47E1-95D6-6CEB4F8F5B85}.Release|Any CPU.Deploy.0 = Release|iPhone
		{44BCB760-29C2-47E1-95D6-6CEB4F8F5B85}.Release|ARM.ActiveCfg = Release|iPhone
		{44BCB760-29C2-47E1-95D6-6CEB4F8F5B85}.Release|ARM.Build.0 = Release|iPhone
		{44BCB760-29C2-47E1-95D6-6CEB4F8F5B85}.Release|ARM.Deploy.0 = Release|iPhone
		{44BCB760-29C2-47E1-95D6-6CEB4F8F5B85}.Release|iPhone.ActiveCfg = Release|iPhone
		{44BCB760-29C2-47E1-95D6-6CEB4F8F5B85}.Release|iPhone.Build.0 = Release|iPhone
		{44BCB760-29C2-47E1-95D6-6CEB4F8F5B85}.Release|iPhone.Deploy.0 = Release|iPhone
		{44BCB760-29C2-47E1-95D6-6CEB4F8F5B85}.Release|iPhoneSimulator.ActiveCfg = Release|iPhoneSimulator
		{44BCB760-29C2-47E1-95D6-6CEB4F8F5B85}.Release|iPhoneSimulator.Build.0 = Release|iPhoneSimulator
		{44BCB760-29C2-47E1-95D6-6CEB4F8F5B85}.Release|iPhoneSimulator.Deploy.0 = Release|iPhoneSimulator
		{44BCB760-29C2-47E1-95D6-6CEB4F8F5B85}.Release|x64.ActiveCfg = Release|iPhone
		{44BCB760-29C2-47E1-95D6-6CEB4F8F5B85}.Release|x64.Build.0 = Release|iPhone
		{44BCB760-29C2-47E1-95D6-6CEB4F8F5B85}.Release|x64.Deploy.0 = Release|iPhone
		{44BCB760-29C2-47E1-95D6-6CEB4F8F5B85}.Release|x86.ActiveCfg = Release|iPhone
		{44BCB760-29C2-47E1-95D6-6CEB4F8F5B85}.Release|x86.Build.0 = Release|iPhone
		{44BCB760-29C2-47E1-95D6-6CEB4F8F5B85}.Release|x86.Deploy.0 = Release|iPhone
		{ED67168C-7B93-4141-9C0C-B3050D8E4926}.Ad-Hoc|Any CPU.ActiveCfg = Release|x86
		{ED67168C-7B93-4141-9C0C-B3050D8E4926}.Ad-Hoc|Any CPU.Build.0 = Release|x86
		{ED67168C-7B93-4141-9C0C-B3050D8E4926}.Ad-Hoc|Any CPU.Deploy.0 = Release|x86
		{ED67168C-7B93-4141-9C0C-B3050D8E4926}.Ad-Hoc|ARM.ActiveCfg = Release|ARM
		{ED67168C-7B93-4141-9C0C-B3050D8E4926}.Ad-Hoc|ARM.Build.0 = Release|ARM
		{ED67168C-7B93-4141-9C0C-B3050D8E4926}.Ad-Hoc|ARM.Deploy.0 = Release|ARM
		{ED67168C-7B93-4141-9C0C-B3050D8E4926}.Ad-Hoc|iPhone.ActiveCfg = Release|x86
		{ED67168C-7B93-4141-9C0C-B3050D8E4926}.Ad-Hoc|iPhone.Build.0 = Release|x86
		{ED67168C-7B93-4141-9C0C-B3050D8E4926}.Ad-Hoc|iPhone.Deploy.0 = Release|x86
		{ED67168C-7B93-4141-9C0C-B3050D8E4926}.Ad-Hoc|iPhoneSimulator.ActiveCfg = Release|x86
		{ED67168C-7B93-4141-9C0C-B3050D8E4926}.Ad-Hoc|iPhoneSimulator.Build.0 = Release|x86
		{ED67168C-7B93-4141-9C0C-B3050D8E4926}.Ad-Hoc|iPhoneSimulator.Deploy.0 = Release|x86
		{ED67168C-7B93-4141-9C0C-B3050D8E4926}.Ad-Hoc|x64.ActiveCfg = Release|x64
		{ED67168C-7B93-4141-9C0C-B3050D8E4926}.Ad-Hoc|x64.Build.0 = Release|x64
		{ED67168C-7B93-4141-9C0C-B3050D8E4926}.Ad-Hoc|x64.Deploy.0 = Release|x64
		{ED67168C-7B93-4141-9C0C-B3050D8E4926}.Ad-Hoc|x86.ActiveCfg = Release|x86
		{ED67168C-7B93-4141-9C0C-B3050D8E4926}.Ad-Hoc|x86.Build.0 = Release|x86
		{ED67168C-7B93-4141-9C0C-B3050D8E4926}.Ad-Hoc|x86.Deploy.0 = Release|x86
		{ED67168C-7B93-4141-9C0C-B3050D8E4926}.AppStore|Any CPU.ActiveCfg = Release|x86
		{ED67168C-7B93-4141-9C0C-B3050D8E4926}.AppStore|Any CPU.Build.0 = Release|x86
		{ED67168C-7B93-4141-9C0C-B3050D8E4926}.AppStore|Any CPU.Deploy.0 = Release|x86
		{ED67168C-7B93-4141-9C0C-B3050D8E4926}.AppStore|ARM.ActiveCfg = Release|ARM
		{ED67168C-7B93-4141-9C0C-B3050D8E4926}.AppStore|ARM.Build.0 = Release|ARM
		{ED67168C-7B93-4141-9C0C-B3050D8E4926}.AppStore|ARM.Deploy.0 = Release|ARM
		{ED67168C-7B93-4141-9C0C-B3050D8E4926}.AppStore|iPhone.ActiveCfg = Release|x86
		{ED67168C-7B93-4141-9C0C-B3050D8E4926}.AppStore|iPhone.Build.0 = Release|x86
		{ED67168C-7B93-4141-9C0C-B3050D8E4926}.AppStore|iPhone.Deploy.0 = Release|x86
		{ED67168C-7B93-4141-9C0C-B3050D8E4926}.AppStore|iPhoneSimulator.ActiveCfg = Release|x86
		{ED67168C-7B93-4141-9C0C-B3050D8E4926}.AppStore|iPhoneSimulator.Build.0 = Release|x86
		{ED67168C-7B93-4141-9C0C-B3050D8E4926}.AppStore|iPhoneSimulator.Deploy.0 = Release|x86
		{ED67168C-7B93-4141-9C0C-B3050D8E4926}.AppStore|x64.ActiveCfg = Release|x64
		{ED67168C-7B93-4141-9C0C-B3050D8E4926}.AppStore|x64.Build.0 = Release|x64
		{ED67168C-7B93-4141-9C0C-B3050D8E4926}.AppStore|x64.Deploy.0 = Release|x64
		{ED67168C-7B93-4141-9C0C-B3050D8E4926}.AppStore|x86.ActiveCfg = Release|x86
		{ED67168C-7B93-4141-9C0C-B3050D8E4926}.AppStore|x86.Build.0 = Release|x86
		{ED67168C-7B93-4141-9C0C-B3050D8E4926}.AppStore|x86.Deploy.0 = Release|x86
		{ED67168C-7B93-4141-9C0C-B3050D8E4926}.Debug|Any CPU.ActiveCfg = Debug|x86
		{ED67168C-7B93-4141-9C0C-B3050D8E4926}.Debug|Any CPU.Build.0 = Debug|x86
		{ED67168C-7B93-4141-9C0C-B3050D8E4926}.Debug|Any CPU.Deploy.0 = Debug|x86
		{ED67168C-7B93-4141-9C0C-B3050D8E4926}.Debug|ARM.ActiveCfg = Debug|ARM
		{ED67168C-7B93-4141-9C0C-B3050D8E4926}.Debug|ARM.Build.0 = Debug|ARM
		{ED67168C-7B93-4141-9C0C-B3050D8E4926}.Debug|ARM.Deploy.0 = Debug|ARM
		{ED67168C-7B93-4141-9C0C-B3050D8E4926}.Debug|iPhone.ActiveCfg = Debug|x86
		{ED67168C-7B93-4141-9C0C-B3050D8E4926}.Debug|iPhone.Build.0 = Debug|x86
		{ED67168C-7B93-4141-9C0C-B3050D8E4926}.Debug|iPhone.Deploy.0 = Debug|x86
		{ED67168C-7B93-4141-9C0C-B3050D8E4926}.Debug|iPhoneSimulator.ActiveCfg = Debug|x86
		{ED67168C-7B93-4141-9C0C-B3050D8E4926}.Debug|iPhoneSimulator.Build.0 = Debug|x86
		{ED67168C-7B93-4141-9C0C-B3050D8E4926}.Debug|iPhoneSimulator.Deploy.0 = Debug|x86
		{ED67168C-7B93-4141-9C0C-B3050D8E4926}.Debug|x64.ActiveCfg = Debug|x64
		{ED67168C-7B93-4141-9C0C-B3050D8E4926}.Debug|x64.Build.0 = Debug|x64
		{ED67168C-7B93-4141-9C0C-B3050D8E4926}.Debug|x64.Deploy.0 = Debug|x64
		{ED67168C-7B93-4141-9C0C-B3050D8E4926}.Debug|x86.ActiveCfg = Debug|x86
		{ED67168C-7B93-4141-9C0C-B3050D8E4926}.Debug|x86.Build.0 = Debug|x86
		{ED67168C-7B93-4141-9C0C-B3050D8E4926}.Debug|x86.Deploy.0 = Debug|x86
		{ED67168C-7B93-4141-9C0C-B3050D8E4926}.Release|Any CPU.ActiveCfg = Release|x86
		{ED67168C-7B93-4141-9C0C-B3050D8E4926}.Release|Any CPU.Build.0 = Release|x86
		{ED67168C-7B93-4141-9C0C-B3050D8E4926}.Release|Any CPU.Deploy.0 = Release|x86
		{ED67168C-7B93-4141-9C0C-B3050D8E4926}.Release|ARM.ActiveCfg = Release|ARM
		{ED67168C-7B93-4141-9C0C-B3050D8E4926}.Release|ARM.Build.0 = Release|ARM
		{ED67168C-7B93-4141-9C0C-B3050D8E4926}.Release|ARM.Deploy.0 = Release|ARM
		{ED67168C-7B93-4141-9C0C-B3050D8E4926}.Release|iPhone.ActiveCfg = Release|x86
		{ED67168C-7B93-4141-9C0C-B3050D8E4926}.Release|iPhone.Build.0 = Release|x86
		{ED67168C-7B93-4141-9C0C-B3050D8E4926}.Release|iPhone.Deploy.0 = Release|x86
		{ED67168C-7B93-4141-9C0C-B3050D8E4926}.Release|iPhoneSimulator.ActiveCfg = Release|x86
		{ED67168C-7B93-4141-9C0C-B3050D8E4926}.Release|iPhoneSimulator.Build.0 = Release|x86
		{ED67168C-7B93-4141-9C0C-B3050D8E4926}.Release|iPhoneSimulator.Deploy.0 = Release|x86
		{ED67168C-7B93-4141-9C0C-B3050D8E4926}.Release|x64.ActiveCfg = Release|x64
		{ED67168C-7B93-4141-9C0C-B3050D8E4926}.Release|x64.Build.0 = Release|x64
		{ED67168C-7B93-4141-9C0C-B3050D8E4926}.Release|x64.Deploy.0 = Release|x64
		{ED67168C-7B93-4141-9C0C-B3050D8E4926}.Release|x86.ActiveCfg = Release|x86
		{ED67168C-7B93-4141-9C0C-B3050D8E4926}.Release|x86.Build.0 = Release|x86
		{ED67168C-7B93-4141-9C0C-B3050D8E4926}.Release|x86.Deploy.0 = Release|x86
		{D8438685-7ACD-4ACD-A7BC-ED282E68A0A0}.Ad-Hoc|Any CPU.ActiveCfg = Debug|Any CPU
		{D8438685-7ACD-4ACD-A7BC-ED282E68A0A0}.Ad-Hoc|Any CPU.Build.0 = Debug|Any CPU
		{D8438685-7ACD-4ACD-A7BC-ED282E68A0A0}.Ad-Hoc|Any CPU.Deploy.0 = Debug|Any CPU
		{D8438685-7ACD-4ACD-A7BC-ED282E68A0A0}.Ad-Hoc|ARM.ActiveCfg = Debug|Any CPU
		{D8438685-7ACD-4ACD-A7BC-ED282E68A0A0}.Ad-Hoc|ARM.Build.0 = Debug|Any CPU
		{D8438685-7ACD-4ACD-A7BC-ED282E68A0A0}.Ad-Hoc|ARM.Deploy.0 = Debug|Any CPU
		{D8438685-7ACD-4ACD-A7BC-ED282E68A0A0}.Ad-Hoc|iPhone.ActiveCfg = Debug|Any CPU
		{D8438685-7ACD-4ACD-A7BC-ED282E68A0A0}.Ad-Hoc|iPhone.Build.0 = Debug|Any CPU
		{D8438685-7ACD-4ACD-A7BC-ED282E68A0A0}.Ad-Hoc|iPhone.Deploy.0 = Debug|Any CPU
		{D8438685-7ACD-4ACD-A7BC-ED282E68A0A0}.Ad-Hoc|iPhoneSimulator.ActiveCfg = Debug|Any CPU
		{D8438685-7ACD-4ACD-A7BC-ED282E68A0A0}.Ad-Hoc|iPhoneSimulator.Build.0 = Debug|Any CPU
		{D8438685-7ACD-4ACD-A7BC-ED282E68A0A0}.Ad-Hoc|iPhoneSimulator.Deploy.0 = Debug|Any CPU
		{D8438685-7ACD-4ACD-A7BC-ED282E68A0A0}.Ad-Hoc|x64.ActiveCfg = Debug|Any CPU
		{D8438685-7ACD-4ACD-A7BC-ED282E68A0A0}.Ad-Hoc|x64.Build.0 = Debug|Any CPU
		{D8438685-7ACD-4ACD-A7BC-ED282E68A0A0}.Ad-Hoc|x64.Deploy.0 = Debug|Any CPU
		{D8438685-7ACD-4ACD-A7BC-ED282E68A0A0}.Ad-Hoc|x86.ActiveCfg = Debug|Any CPU
		{D8438685-7ACD-4ACD-A7BC-ED282E68A0A0}.Ad-Hoc|x86.Build.0 = Debug|Any CPU
		{D8438685-7ACD-4ACD-A7BC-ED282E68A0A0}.Ad-Hoc|x86.Deploy.0 = Debug|Any CPU
		{D8438685-7ACD-4ACD-A7BC-ED282E68A0A0}.AppStore|Any CPU.ActiveCfg = Debug|Any CPU
		{D8438685-7ACD-4ACD-A7BC-ED282E68A0A0}.AppStore|Any CPU.Build.0 = Debug|Any CPU
		{D8438685-7ACD-4ACD-A7BC-ED282E68A0A0}.AppStore|Any CPU.Deploy.0 = Debug|Any CPU
		{D8438685-7ACD-4ACD-A7BC-ED282E68A0A0}.AppStore|ARM.ActiveCfg = Debug|Any CPU
		{D8438685-7ACD-4ACD-A7BC-ED282E68A0A0}.AppStore|ARM.Build.0 = Debug|Any CPU
		{D8438685-7ACD-4ACD-A7BC-ED282E68A0A0}.AppStore|ARM.Deploy.0 = Debug|Any CPU
		{D8438685-7ACD-4ACD-A7BC-ED282E68A0A0}.AppStore|iPhone.ActiveCfg = Debug|Any CPU
		{D8438685-7ACD-4ACD-A7BC-ED282E68A0A0}.AppStore|iPhone.Build.0 = Debug|Any CPU
		{D8438685-7ACD-4ACD-A7BC-ED282E68A0A0}.AppStore|iPhone.Deploy.0 = Debug|Any CPU
		{D8438685-7ACD-4ACD-A7BC-ED282E68A0A0}.AppStore|iPhoneSimulator.ActiveCfg = Debug|Any CPU
		{D8438685-7ACD-4ACD-A7BC-ED282E68A0A0}.AppStore|iPhoneSimulator.Build.0 = Debug|Any CPU
		{D8438685-7ACD-4ACD-A7BC-ED282E68A0A0}.AppStore|iPhoneSimulator.Deploy.0 = Debug|Any CPU
		{D8438685-7ACD-4ACD-A7BC-ED282E68A0A0}.AppStore|x64.ActiveCfg = Debug|Any CPU
		{D8438685-7ACD-4ACD-A7BC-ED282E68A0A0}.AppStore|x64.Build.0 = Debug|Any CPU
		{D8438685-7ACD-4ACD-A7BC-ED282E68A0A0}.AppStore|x64.Deploy.0 = Debug|Any CPU
		{D8438685-7ACD-4ACD-A7BC-ED282E68A0A0}.AppStore|x86.ActiveCfg = Debug|Any CPU
		{D8438685-7ACD-4ACD-A7BC-ED282E68A0A0}.AppStore|x86.Build.0 = Debug|Any CPU
		{D8438685-7ACD-4ACD-A7BC-ED282E68A0A0}.AppStore|x86.Deploy.0 = Debug|Any CPU
		{D8438685-7ACD-4ACD-A7BC-ED282E68A0A0}.Debug|Any CPU.ActiveCfg = Debug|Any CPU
		{D8438685-7ACD-4ACD-A7BC-ED282E68A0A0}.Debug|Any CPU.Build.0 = Debug|Any CPU
		{D8438685-7ACD-4ACD-A7BC-ED282E68A0A0}.Debug|Any CPU.Deploy.0 = Debug|Any CPU
		{D8438685-7ACD-4ACD-A7BC-ED282E68A0A0}.Debug|ARM.ActiveCfg = Debug|Any CPU
		{D8438685-7ACD-4ACD-A7BC-ED282E68A0A0}.Debug|ARM.Build.0 = Debug|Any CPU
		{D8438685-7ACD-4ACD-A7BC-ED282E68A0A0}.Debug|ARM.Deploy.0 = Debug|Any CPU
		{D8438685-7ACD-4ACD-A7BC-ED282E68A0A0}.Debug|iPhone.ActiveCfg = Debug|Any CPU
		{D8438685-7ACD-4ACD-A7BC-ED282E68A0A0}.Debug|iPhone.Build.0 = Debug|Any CPU
		{D8438685-7ACD-4ACD-A7BC-ED282E68A0A0}.Debug|iPhone.Deploy.0 = Debug|Any CPU
		{D8438685-7ACD-4ACD-A7BC-ED282E68A0A0}.Debug|iPhoneSimulator.ActiveCfg = Debug|Any CPU
		{D8438685-7ACD-4ACD-A7BC-ED282E68A0A0}.Debug|iPhoneSimulator.Build.0 = Debug|Any CPU
		{D8438685-7ACD-4ACD-A7BC-ED282E68A0A0}.Debug|iPhoneSimulator.Deploy.0 = Debug|Any CPU
		{D8438685-7ACD-4ACD-A7BC-ED282E68A0A0}.Debug|x64.ActiveCfg = Debug|Any CPU
		{D8438685-7ACD-4ACD-A7BC-ED282E68A0A0}.Debug|x64.Build.0 = Debug|Any CPU
		{D8438685-7ACD-4ACD-A7BC-ED282E68A0A0}.Debug|x64.Deploy.0 = Debug|Any CPU
		{D8438685-7ACD-4ACD-A7BC-ED282E68A0A0}.Debug|x86.ActiveCfg = Debug|Any CPU
		{D8438685-7ACD-4ACD-A7BC-ED282E68A0A0}.Debug|x86.Build.0 = Debug|Any CPU
		{D8438685-7ACD-4ACD-A7BC-ED282E68A0A0}.Debug|x86.Deploy.0 = Debug|Any CPU
		{D8438685-7ACD-4ACD-A7BC-ED282E68A0A0}.Release|Any CPU.ActiveCfg = Release|Any CPU
		{D8438685-7ACD-4ACD-A7BC-ED282E68A0A0}.Release|Any CPU.Build.0 = Release|Any CPU
		{D8438685-7ACD-4ACD-A7BC-ED282E68A0A0}.Release|Any CPU.Deploy.0 = Release|Any CPU
		{D8438685-7ACD-4ACD-A7BC-ED282E68A0A0}.Release|ARM.ActiveCfg = Release|Any CPU
		{D8438685-7ACD-4ACD-A7BC-ED282E68A0A0}.Release|ARM.Build.0 = Release|Any CPU
		{D8438685-7ACD-4ACD-A7BC-ED282E68A0A0}.Release|ARM.Deploy.0 = Release|Any CPU
		{D8438685-7ACD-4ACD-A7BC-ED282E68A0A0}.Release|iPhone.ActiveCfg = Release|Any CPU
		{D8438685-7ACD-4ACD-A7BC-ED282E68A0A0}.Release|iPhone.Build.0 = Release|Any CPU
		{D8438685-7ACD-4ACD-A7BC-ED282E68A0A0}.Release|iPhone.Deploy.0 = Release|Any CPU
		{D8438685-7ACD-4ACD-A7BC-ED282E68A0A0}.Release|iPhoneSimulator.ActiveCfg = Release|Any CPU
		{D8438685-7ACD-4ACD-A7BC-ED282E68A0A0}.Release|iPhoneSimulator.Build.0 = Release|Any CPU
		{D8438685-7ACD-4ACD-A7BC-ED282E68A0A0}.Release|iPhoneSimulator.Deploy.0 = Release|Any CPU
		{D8438685-7ACD-4ACD-A7BC-ED282E68A0A0}.Release|x64.ActiveCfg = Release|Any CPU
		{D8438685-7ACD-4ACD-A7BC-ED282E68A0A0}.Release|x64.Build.0 = Release|Any CPU
		{D8438685-7ACD-4ACD-A7BC-ED282E68A0A0}.Release|x64.Deploy.0 = Release|Any CPU
		{D8438685-7ACD-4ACD-A7BC-ED282E68A0A0}.Release|x86.ActiveCfg = Release|Any CPU
		{D8438685-7ACD-4ACD-A7BC-ED282E68A0A0}.Release|x86.Build.0 = Release|Any CPU
		{D8438685-7ACD-4ACD-A7BC-ED282E68A0A0}.Release|x86.Deploy.0 = Release|Any CPU
		{CEDB7F74-3576-41BE-9285-E7A406310110}.Ad-Hoc|Any CPU.ActiveCfg = Release|Any CPU
		{CEDB7F74-3576-41BE-9285-E7A406310110}.Ad-Hoc|Any CPU.Build.0 = Release|Any CPU
		{CEDB7F74-3576-41BE-9285-E7A406310110}.Ad-Hoc|ARM.ActiveCfg = Release|Any CPU
		{CEDB7F74-3576-41BE-9285-E7A406310110}.Ad-Hoc|ARM.Build.0 = Release|Any CPU
		{CEDB7F74-3576-41BE-9285-E7A406310110}.Ad-Hoc|iPhone.ActiveCfg = Release|Any CPU
		{CEDB7F74-3576-41BE-9285-E7A406310110}.Ad-Hoc|iPhone.Build.0 = Release|Any CPU
		{CEDB7F74-3576-41BE-9285-E7A406310110}.Ad-Hoc|iPhoneSimulator.ActiveCfg = Release|Any CPU
		{CEDB7F74-3576-41BE-9285-E7A406310110}.Ad-Hoc|iPhoneSimulator.Build.0 = Release|Any CPU
		{CEDB7F74-3576-41BE-9285-E7A406310110}.Ad-Hoc|x64.ActiveCfg = Release|Any CPU
		{CEDB7F74-3576-41BE-9285-E7A406310110}.Ad-Hoc|x64.Build.0 = Release|Any CPU
		{CEDB7F74-3576-41BE-9285-E7A406310110}.Ad-Hoc|x86.ActiveCfg = Release|Any CPU
		{CEDB7F74-3576-41BE-9285-E7A406310110}.Ad-Hoc|x86.Build.0 = Release|Any CPU
		{CEDB7F74-3576-41BE-9285-E7A406310110}.AppStore|Any CPU.ActiveCfg = Release|Any CPU
		{CEDB7F74-3576-41BE-9285-E7A406310110}.AppStore|Any CPU.Build.0 = Release|Any CPU
		{CEDB7F74-3576-41BE-9285-E7A406310110}.AppStore|ARM.ActiveCfg = Release|Any CPU
		{CEDB7F74-3576-41BE-9285-E7A406310110}.AppStore|ARM.Build.0 = Release|Any CPU
		{CEDB7F74-3576-41BE-9285-E7A406310110}.AppStore|iPhone.ActiveCfg = Release|Any CPU
		{CEDB7F74-3576-41BE-9285-E7A406310110}.AppStore|iPhone.Build.0 = Release|Any CPU
		{CEDB7F74-3576-41BE-9285-E7A406310110}.AppStore|iPhoneSimulator.ActiveCfg = Release|Any CPU
		{CEDB7F74-3576-41BE-9285-E7A406310110}.AppStore|iPhoneSimulator.Build.0 = Release|Any CPU
		{CEDB7F74-3576-41BE-9285-E7A406310110}.AppStore|x64.ActiveCfg = Release|Any CPU
		{CEDB7F74-3576-41BE-9285-E7A406310110}.AppStore|x64.Build.0 = Release|Any CPU
		{CEDB7F74-3576-41BE-9285-E7A406310110}.AppStore|x86.ActiveCfg = Release|Any CPU
		{CEDB7F74-3576-41BE-9285-E7A406310110}.AppStore|x86.Build.0 = Release|Any CPU
		{CEDB7F74-3576-41BE-9285-E7A406310110}.Debug|Any CPU.ActiveCfg = Debug|Any CPU
		{CEDB7F74-3576-41BE-9285-E7A406310110}.Debug|Any CPU.Build.0 = Debug|Any CPU
		{CEDB7F74-3576-41BE-9285-E7A406310110}.Debug|ARM.ActiveCfg = Debug|Any CPU
		{CEDB7F74-3576-41BE-9285-E7A406310110}.Debug|ARM.Build.0 = Debug|Any CPU
		{CEDB7F74-3576-41BE-9285-E7A406310110}.Debug|iPhone.ActiveCfg = Debug|Any CPU
		{CEDB7F74-3576-41BE-9285-E7A406310110}.Debug|iPhone.Build.0 = Debug|Any CPU
		{CEDB7F74-3576-41BE-9285-E7A406310110}.Debug|iPhoneSimulator.ActiveCfg = Debug|Any CPU
		{CEDB7F74-3576-41BE-9285-E7A406310110}.Debug|iPhoneSimulator.Build.0 = Debug|Any CPU
		{CEDB7F74-3576-41BE-9285-E7A406310110}.Debug|x64.ActiveCfg = Debug|Any CPU
		{CEDB7F74-3576-41BE-9285-E7A406310110}.Debug|x64.Build.0 = Debug|Any CPU
		{CEDB7F74-3576-41BE-9285-E7A406310110}.Debug|x86.ActiveCfg = Debug|Any CPU
		{CEDB7F74-3576-41BE-9285-E7A406310110}.Debug|x86.Build.0 = Debug|Any CPU
		{CEDB7F74-3576-41BE-9285-E7A406310110}.Release|Any CPU.ActiveCfg = Release|Any CPU
		{CEDB7F74-3576-41BE-9285-E7A406310110}.Release|Any CPU.Build.0 = Release|Any CPU
		{CEDB7F74-3576-41BE-9285-E7A406310110}.Release|ARM.ActiveCfg = Release|Any CPU
		{CEDB7F74-3576-41BE-9285-E7A406310110}.Release|ARM.Build.0 = Release|Any CPU
		{CEDB7F74-3576-41BE-9285-E7A406310110}.Release|iPhone.ActiveCfg = Release|Any CPU
		{CEDB7F74-3576-41BE-9285-E7A406310110}.Release|iPhone.Build.0 = Release|Any CPU
		{CEDB7F74-3576-41BE-9285-E7A406310110}.Release|iPhoneSimulator.ActiveCfg = Release|Any CPU
		{CEDB7F74-3576-41BE-9285-E7A406310110}.Release|iPhoneSimulator.Build.0 = Release|Any CPU
		{CEDB7F74-3576-41BE-9285-E7A406310110}.Release|x64.ActiveCfg = Release|Any CPU
		{CEDB7F74-3576-41BE-9285-E7A406310110}.Release|x64.Build.0 = Release|Any CPU
		{CEDB7F74-3576-41BE-9285-E7A406310110}.Release|x86.ActiveCfg = Release|Any CPU
		{CEDB7F74-3576-41BE-9285-E7A406310110}.Release|x86.Build.0 = Release|Any CPU
		{C318536B-D8A9-4FCF-BA50-F03B60967DC6}.Ad-Hoc|Any CPU.ActiveCfg = Release|Any CPU
		{C318536B-D8A9-4FCF-BA50-F03B60967DC6}.Ad-Hoc|Any CPU.Build.0 = Release|Any CPU
		{C318536B-D8A9-4FCF-BA50-F03B60967DC6}.Ad-Hoc|ARM.ActiveCfg = Release|Any CPU
		{C318536B-D8A9-4FCF-BA50-F03B60967DC6}.Ad-Hoc|ARM.Build.0 = Release|Any CPU
		{C318536B-D8A9-4FCF-BA50-F03B60967DC6}.Ad-Hoc|iPhone.ActiveCfg = Release|Any CPU
		{C318536B-D8A9-4FCF-BA50-F03B60967DC6}.Ad-Hoc|iPhone.Build.0 = Release|Any CPU
		{C318536B-D8A9-4FCF-BA50-F03B60967DC6}.Ad-Hoc|iPhoneSimulator.ActiveCfg = Release|Any CPU
		{C318536B-D8A9-4FCF-BA50-F03B60967DC6}.Ad-Hoc|iPhoneSimulator.Build.0 = Release|Any CPU
		{C318536B-D8A9-4FCF-BA50-F03B60967DC6}.Ad-Hoc|x64.ActiveCfg = Release|Any CPU
		{C318536B-D8A9-4FCF-BA50-F03B60967DC6}.Ad-Hoc|x64.Build.0 = Release|Any CPU
		{C318536B-D8A9-4FCF-BA50-F03B60967DC6}.Ad-Hoc|x86.ActiveCfg = Release|Any CPU
		{C318536B-D8A9-4FCF-BA50-F03B60967DC6}.Ad-Hoc|x86.Build.0 = Release|Any CPU
		{C318536B-D8A9-4FCF-BA50-F03B60967DC6}.AppStore|Any CPU.ActiveCfg = Release|Any CPU
		{C318536B-D8A9-4FCF-BA50-F03B60967DC6}.AppStore|Any CPU.Build.0 = Release|Any CPU
		{C318536B-D8A9-4FCF-BA50-F03B60967DC6}.AppStore|ARM.ActiveCfg = Release|Any CPU
		{C318536B-D8A9-4FCF-BA50-F03B60967DC6}.AppStore|ARM.Build.0 = Release|Any CPU
		{C318536B-D8A9-4FCF-BA50-F03B60967DC6}.AppStore|iPhone.ActiveCfg = Release|Any CPU
		{C318536B-D8A9-4FCF-BA50-F03B60967DC6}.AppStore|iPhone.Build.0 = Release|Any CPU
		{C318536B-D8A9-4FCF-BA50-F03B60967DC6}.AppStore|iPhoneSimulator.ActiveCfg = Release|Any CPU
		{C318536B-D8A9-4FCF-BA50-F03B60967DC6}.AppStore|iPhoneSimulator.Build.0 = Release|Any CPU
		{C318536B-D8A9-4FCF-BA50-F03B60967DC6}.AppStore|x64.ActiveCfg = Release|Any CPU
		{C318536B-D8A9-4FCF-BA50-F03B60967DC6}.AppStore|x64.Build.0 = Release|Any CPU
		{C318536B-D8A9-4FCF-BA50-F03B60967DC6}.AppStore|x86.ActiveCfg = Release|Any CPU
		{C318536B-D8A9-4FCF-BA50-F03B60967DC6}.AppStore|x86.Build.0 = Release|Any CPU
		{C318536B-D8A9-4FCF-BA50-F03B60967DC6}.Debug|Any CPU.ActiveCfg = Debug|Any CPU
		{C318536B-D8A9-4FCF-BA50-F03B60967DC6}.Debug|Any CPU.Build.0 = Debug|Any CPU
		{C318536B-D8A9-4FCF-BA50-F03B60967DC6}.Debug|ARM.ActiveCfg = Debug|Any CPU
		{C318536B-D8A9-4FCF-BA50-F03B60967DC6}.Debug|ARM.Build.0 = Debug|Any CPU
		{C318536B-D8A9-4FCF-BA50-F03B60967DC6}.Debug|iPhone.ActiveCfg = Debug|Any CPU
		{C318536B-D8A9-4FCF-BA50-F03B60967DC6}.Debug|iPhone.Build.0 = Debug|Any CPU
		{C318536B-D8A9-4FCF-BA50-F03B60967DC6}.Debug|iPhoneSimulator.ActiveCfg = Debug|Any CPU
		{C318536B-D8A9-4FCF-BA50-F03B60967DC6}.Debug|iPhoneSimulator.Build.0 = Debug|Any CPU
		{C318536B-D8A9-4FCF-BA50-F03B60967DC6}.Debug|x64.ActiveCfg = Debug|Any CPU
		{C318536B-D8A9-4FCF-BA50-F03B60967DC6}.Debug|x64.Build.0 = Debug|Any CPU
		{C318536B-D8A9-4FCF-BA50-F03B60967DC6}.Debug|x86.ActiveCfg = Debug|Any CPU
		{C318536B-D8A9-4FCF-BA50-F03B60967DC6}.Debug|x86.Build.0 = Debug|Any CPU
		{C318536B-D8A9-4FCF-BA50-F03B60967DC6}.Release|Any CPU.ActiveCfg = Release|Any CPU
		{C318536B-D8A9-4FCF-BA50-F03B60967DC6}.Release|Any CPU.Build.0 = Release|Any CPU
		{C318536B-D8A9-4FCF-BA50-F03B60967DC6}.Release|ARM.ActiveCfg = Release|Any CPU
		{C318536B-D8A9-4FCF-BA50-F03B60967DC6}.Release|ARM.Build.0 = Release|Any CPU
		{C318536B-D8A9-4FCF-BA50-F03B60967DC6}.Release|iPhone.ActiveCfg = Release|Any CPU
		{C318536B-D8A9-4FCF-BA50-F03B60967DC6}.Release|iPhone.Build.0 = Release|Any CPU
		{C318536B-D8A9-4FCF-BA50-F03B60967DC6}.Release|iPhoneSimulator.ActiveCfg = Release|Any CPU
		{C318536B-D8A9-4FCF-BA50-F03B60967DC6}.Release|iPhoneSimulator.Build.0 = Release|Any CPU
		{C318536B-D8A9-4FCF-BA50-F03B60967DC6}.Release|x64.ActiveCfg = Release|Any CPU
		{C318536B-D8A9-4FCF-BA50-F03B60967DC6}.Release|x64.Build.0 = Release|Any CPU
		{C318536B-D8A9-4FCF-BA50-F03B60967DC6}.Release|x86.ActiveCfg = Release|Any CPU
		{C318536B-D8A9-4FCF-BA50-F03B60967DC6}.Release|x86.Build.0 = Release|Any CPU
		{B3F07AAB-9B7E-405C-A6AF-34010AF5222E}.Ad-Hoc|Any CPU.ActiveCfg = Release|Any CPU
		{B3F07AAB-9B7E-405C-A6AF-34010AF5222E}.Ad-Hoc|Any CPU.Build.0 = Release|Any CPU
		{B3F07AAB-9B7E-405C-A6AF-34010AF5222E}.Ad-Hoc|ARM.ActiveCfg = Release|Any CPU
		{B3F07AAB-9B7E-405C-A6AF-34010AF5222E}.Ad-Hoc|ARM.Build.0 = Release|Any CPU
		{B3F07AAB-9B7E-405C-A6AF-34010AF5222E}.Ad-Hoc|iPhone.ActiveCfg = Release|Any CPU
		{B3F07AAB-9B7E-405C-A6AF-34010AF5222E}.Ad-Hoc|iPhone.Build.0 = Release|Any CPU
		{B3F07AAB-9B7E-405C-A6AF-34010AF5222E}.Ad-Hoc|iPhoneSimulator.ActiveCfg = Release|Any CPU
		{B3F07AAB-9B7E-405C-A6AF-34010AF5222E}.Ad-Hoc|iPhoneSimulator.Build.0 = Release|Any CPU
		{B3F07AAB-9B7E-405C-A6AF-34010AF5222E}.Ad-Hoc|x64.ActiveCfg = Release|Any CPU
		{B3F07AAB-9B7E-405C-A6AF-34010AF5222E}.Ad-Hoc|x64.Build.0 = Release|Any CPU
		{B3F07AAB-9B7E-405C-A6AF-34010AF5222E}.Ad-Hoc|x86.ActiveCfg = Release|Any CPU
		{B3F07AAB-9B7E-405C-A6AF-34010AF5222E}.Ad-Hoc|x86.Build.0 = Release|Any CPU
		{B3F07AAB-9B7E-405C-A6AF-34010AF5222E}.AppStore|Any CPU.ActiveCfg = Release|Any CPU
		{B3F07AAB-9B7E-405C-A6AF-34010AF5222E}.AppStore|Any CPU.Build.0 = Release|Any CPU
		{B3F07AAB-9B7E-405C-A6AF-34010AF5222E}.AppStore|ARM.ActiveCfg = Release|Any CPU
		{B3F07AAB-9B7E-405C-A6AF-34010AF5222E}.AppStore|ARM.Build.0 = Release|Any CPU
		{B3F07AAB-9B7E-405C-A6AF-34010AF5222E}.AppStore|iPhone.ActiveCfg = Release|Any CPU
		{B3F07AAB-9B7E-405C-A6AF-34010AF5222E}.AppStore|iPhone.Build.0 = Release|Any CPU
		{B3F07AAB-9B7E-405C-A6AF-34010AF5222E}.AppStore|iPhoneSimulator.ActiveCfg = Release|Any CPU
		{B3F07AAB-9B7E-405C-A6AF-34010AF5222E}.AppStore|iPhoneSimulator.Build.0 = Release|Any CPU
		{B3F07AAB-9B7E-405C-A6AF-34010AF5222E}.AppStore|x64.ActiveCfg = Release|Any CPU
		{B3F07AAB-9B7E-405C-A6AF-34010AF5222E}.AppStore|x64.Build.0 = Release|Any CPU
		{B3F07AAB-9B7E-405C-A6AF-34010AF5222E}.AppStore|x86.ActiveCfg = Release|Any CPU
		{B3F07AAB-9B7E-405C-A6AF-34010AF5222E}.AppStore|x86.Build.0 = Release|Any CPU
		{B3F07AAB-9B7E-405C-A6AF-34010AF5222E}.Debug|Any CPU.ActiveCfg = Debug|Any CPU
		{B3F07AAB-9B7E-405C-A6AF-34010AF5222E}.Debug|Any CPU.Build.0 = Debug|Any CPU
		{B3F07AAB-9B7E-405C-A6AF-34010AF5222E}.Debug|ARM.ActiveCfg = Debug|Any CPU
		{B3F07AAB-9B7E-405C-A6AF-34010AF5222E}.Debug|ARM.Build.0 = Debug|Any CPU
		{B3F07AAB-9B7E-405C-A6AF-34010AF5222E}.Debug|iPhone.ActiveCfg = Debug|Any CPU
		{B3F07AAB-9B7E-405C-A6AF-34010AF5222E}.Debug|iPhone.Build.0 = Debug|Any CPU
		{B3F07AAB-9B7E-405C-A6AF-34010AF5222E}.Debug|iPhoneSimulator.ActiveCfg = Debug|Any CPU
		{B3F07AAB-9B7E-405C-A6AF-34010AF5222E}.Debug|iPhoneSimulator.Build.0 = Debug|Any CPU
		{B3F07AAB-9B7E-405C-A6AF-34010AF5222E}.Debug|x64.ActiveCfg = Debug|Any CPU
		{B3F07AAB-9B7E-405C-A6AF-34010AF5222E}.Debug|x64.Build.0 = Debug|Any CPU
		{B3F07AAB-9B7E-405C-A6AF-34010AF5222E}.Debug|x86.ActiveCfg = Debug|Any CPU
		{B3F07AAB-9B7E-405C-A6AF-34010AF5222E}.Debug|x86.Build.0 = Debug|Any CPU
		{B3F07AAB-9B7E-405C-A6AF-34010AF5222E}.Release|Any CPU.ActiveCfg = Release|Any CPU
		{B3F07AAB-9B7E-405C-A6AF-34010AF5222E}.Release|Any CPU.Build.0 = Release|Any CPU
		{B3F07AAB-9B7E-405C-A6AF-34010AF5222E}.Release|ARM.ActiveCfg = Release|Any CPU
		{B3F07AAB-9B7E-405C-A6AF-34010AF5222E}.Release|ARM.Build.0 = Release|Any CPU
		{B3F07AAB-9B7E-405C-A6AF-34010AF5222E}.Release|iPhone.ActiveCfg = Release|Any CPU
		{B3F07AAB-9B7E-405C-A6AF-34010AF5222E}.Release|iPhone.Build.0 = Release|Any CPU
		{B3F07AAB-9B7E-405C-A6AF-34010AF5222E}.Release|iPhoneSimulator.ActiveCfg = Release|Any CPU
		{B3F07AAB-9B7E-405C-A6AF-34010AF5222E}.Release|iPhoneSimulator.Build.0 = Release|Any CPU
		{B3F07AAB-9B7E-405C-A6AF-34010AF5222E}.Release|x64.ActiveCfg = Release|Any CPU
		{B3F07AAB-9B7E-405C-A6AF-34010AF5222E}.Release|x64.Build.0 = Release|Any CPU
		{B3F07AAB-9B7E-405C-A6AF-34010AF5222E}.Release|x86.ActiveCfg = Release|Any CPU
		{B3F07AAB-9B7E-405C-A6AF-34010AF5222E}.Release|x86.Build.0 = Release|Any CPU
		{21D60095-4832-4BEC-AE20-1F44412CD2A4}.Ad-Hoc|Any CPU.ActiveCfg = Release|Any CPU
		{21D60095-4832-4BEC-AE20-1F44412CD2A4}.Ad-Hoc|Any CPU.Build.0 = Release|Any CPU
		{21D60095-4832-4BEC-AE20-1F44412CD2A4}.Ad-Hoc|ARM.ActiveCfg = Release|Any CPU
		{21D60095-4832-4BEC-AE20-1F44412CD2A4}.Ad-Hoc|ARM.Build.0 = Release|Any CPU
		{21D60095-4832-4BEC-AE20-1F44412CD2A4}.Ad-Hoc|iPhone.ActiveCfg = Release|Any CPU
		{21D60095-4832-4BEC-AE20-1F44412CD2A4}.Ad-Hoc|iPhone.Build.0 = Release|Any CPU
		{21D60095-4832-4BEC-AE20-1F44412CD2A4}.Ad-Hoc|iPhoneSimulator.ActiveCfg = Release|Any CPU
		{21D60095-4832-4BEC-AE20-1F44412CD2A4}.Ad-Hoc|iPhoneSimulator.Build.0 = Release|Any CPU
		{21D60095-4832-4BEC-AE20-1F44412CD2A4}.Ad-Hoc|x64.ActiveCfg = Release|Any CPU
		{21D60095-4832-4BEC-AE20-1F44412CD2A4}.Ad-Hoc|x64.Build.0 = Release|Any CPU
		{21D60095-4832-4BEC-AE20-1F44412CD2A4}.Ad-Hoc|x86.ActiveCfg = Release|Any CPU
		{21D60095-4832-4BEC-AE20-1F44412CD2A4}.Ad-Hoc|x86.Build.0 = Release|Any CPU
		{21D60095-4832-4BEC-AE20-1F44412CD2A4}.AppStore|Any CPU.ActiveCfg = Release|Any CPU
		{21D60095-4832-4BEC-AE20-1F44412CD2A4}.AppStore|Any CPU.Build.0 = Release|Any CPU
		{21D60095-4832-4BEC-AE20-1F44412CD2A4}.AppStore|ARM.ActiveCfg = Release|Any CPU
		{21D60095-4832-4BEC-AE20-1F44412CD2A4}.AppStore|ARM.Build.0 = Release|Any CPU
		{21D60095-4832-4BEC-AE20-1F44412CD2A4}.AppStore|iPhone.ActiveCfg = Release|Any CPU
		{21D60095-4832-4BEC-AE20-1F44412CD2A4}.AppStore|iPhone.Build.0 = Release|Any CPU
		{21D60095-4832-4BEC-AE20-1F44412CD2A4}.AppStore|iPhoneSimulator.ActiveCfg = Release|Any CPU
		{21D60095-4832-4BEC-AE20-1F44412CD2A4}.AppStore|iPhoneSimulator.Build.0 = Release|Any CPU
		{21D60095-4832-4BEC-AE20-1F44412CD2A4}.AppStore|x64.ActiveCfg = Release|Any CPU
		{21D60095-4832-4BEC-AE20-1F44412CD2A4}.AppStore|x64.Build.0 = Release|Any CPU
		{21D60095-4832-4BEC-AE20-1F44412CD2A4}.AppStore|x86.ActiveCfg = Release|Any CPU
		{21D60095-4832-4BEC-AE20-1F44412CD2A4}.AppStore|x86.Build.0 = Release|Any CPU
		{21D60095-4832-4BEC-AE20-1F44412CD2A4}.Debug|Any CPU.ActiveCfg = Debug|Any CPU
		{21D60095-4832-4BEC-AE20-1F44412CD2A4}.Debug|Any CPU.Build.0 = Debug|Any CPU
		{21D60095-4832-4BEC-AE20-1F44412CD2A4}.Debug|ARM.ActiveCfg = Debug|Any CPU
		{21D60095-4832-4BEC-AE20-1F44412CD2A4}.Debug|ARM.Build.0 = Debug|Any CPU
		{21D60095-4832-4BEC-AE20-1F44412CD2A4}.Debug|iPhone.ActiveCfg = Debug|Any CPU
		{21D60095-4832-4BEC-AE20-1F44412CD2A4}.Debug|iPhone.Build.0 = Debug|Any CPU
		{21D60095-4832-4BEC-AE20-1F44412CD2A4}.Debug|iPhoneSimulator.ActiveCfg = Debug|Any CPU
		{21D60095-4832-4BEC-AE20-1F44412CD2A4}.Debug|iPhoneSimulator.Build.0 = Debug|Any CPU
		{21D60095-4832-4BEC-AE20-1F44412CD2A4}.Debug|x64.ActiveCfg = Debug|Any CPU
		{21D60095-4832-4BEC-AE20-1F44412CD2A4}.Debug|x64.Build.0 = Debug|Any CPU
		{21D60095-4832-4BEC-AE20-1F44412CD2A4}.Debug|x86.ActiveCfg = Debug|Any CPU
		{21D60095-4832-4BEC-AE20-1F44412CD2A4}.Debug|x86.Build.0 = Debug|Any CPU
		{21D60095-4832-4BEC-AE20-1F44412CD2A4}.Release|Any CPU.ActiveCfg = Release|Any CPU
		{21D60095-4832-4BEC-AE20-1F44412CD2A4}.Release|Any CPU.Build.0 = Release|Any CPU
		{21D60095-4832-4BEC-AE20-1F44412CD2A4}.Release|ARM.ActiveCfg = Release|Any CPU
		{21D60095-4832-4BEC-AE20-1F44412CD2A4}.Release|ARM.Build.0 = Release|Any CPU
		{21D60095-4832-4BEC-AE20-1F44412CD2A4}.Release|iPhone.ActiveCfg = Release|Any CPU
		{21D60095-4832-4BEC-AE20-1F44412CD2A4}.Release|iPhone.Build.0 = Release|Any CPU
		{21D60095-4832-4BEC-AE20-1F44412CD2A4}.Release|iPhoneSimulator.ActiveCfg = Release|Any CPU
		{21D60095-4832-4BEC-AE20-1F44412CD2A4}.Release|iPhoneSimulator.Build.0 = Release|Any CPU
		{21D60095-4832-4BEC-AE20-1F44412CD2A4}.Release|x64.ActiveCfg = Release|Any CPU
		{21D60095-4832-4BEC-AE20-1F44412CD2A4}.Release|x64.Build.0 = Release|Any CPU
		{21D60095-4832-4BEC-AE20-1F44412CD2A4}.Release|x86.ActiveCfg = Release|Any CPU
		{21D60095-4832-4BEC-AE20-1F44412CD2A4}.Release|x86.Build.0 = Release|Any CPU
	EndGlobalSection
	GlobalSection(SolutionProperties) = preSolution
		HideSolutionNode = FALSE
	EndGlobalSection
	GlobalSection(ExtensibilityGlobals) = postSolution
		SolutionGuid = {75C3F0B6-E29A-40F7-BB3E-A9D0E8EE7CC7}
	EndGlobalSection
EndGlobal
